
Microsoft Visual Studio Solution File, Format Version 12.00
# Visual Studio Version 16
VisualStudioVersion = 16.0.31410.357
MinimumVisualStudioVersion = 10.0.40219.1
Project("{FAE04EC0-301F-11D3-BF4B-00C04F79EFBC}") = "MailSorter", "MailSorter\MailSorter.csproj", "{FF5A282C-B0F8-4E96-A880-81B3E3D595BB}"
EndProject
Global
	GlobalSection(SolutionConfigurationPlatforms) = preSolution
		Debug|Any CPU = Debug|Any CPU
		Release|Any CPU = Release|Any CPU
	EndGlobalSection
	GlobalSection(ProjectConfigurationPlatforms) = postSolution
		{FF5A282C-B0F8-4E96-A880-81B3E3D595BB}.Debug|Any CPU.ActiveCfg = Debug|Any CPU
		{FF5A282C-B0F8-4E96-A880-81B3E3D595BB}.Debug|Any CPU.Build.0 = Debug|Any CPU
		{FF5A282C-B0F8-4E96-A880-81B3E3D595BB}.Release|Any CPU.ActiveCfg = Release|Any CPU
		{FF5A282C-B0F8-4E96-A880-81B3E3D595BB}.Release|Any CPU.Build.0 = Release|Any CPU
	EndGlobalSection
	GlobalSection(SolutionProperties) = preSolution
		HideSolutionNode = FALSE
	EndGlobalSection
	GlobalSection(ExtensibilityGlobals) = postSolution
		SolutionGuid = {A6C71EB2-D477-45A4-92E1-FC8DBC748860}
	EndGlobalSection
EndGlobal
